// !$*UTF8*$!
{
	archiveVersion = 1;
	classes = {
	};
	objectVersion = 46;
	objects = {

/* Begin PBXBuildFile section */
		AB58D7D01D71984200AF9A1F /* AppDelegate.swift in Sources */ = {isa = PBXBuildFile; fileRef = AB58D7CF1D71984200AF9A1F /* AppDelegate.swift */; };
		AB58D7D21D71984200AF9A1F /* ViewController.swift in Sources */ = {isa = PBXBuildFile; fileRef = AB58D7D11D71984200AF9A1F /* ViewController.swift */; };
		AB58D7D51D71984200AF9A1F /* Main.storyboard in Resources */ = {isa = PBXBuildFile; fileRef = AB58D7D31D71984200AF9A1F /* Main.storyboard */; };
		AB58D7D71D71984200AF9A1F /* Assets.xcassets in Resources */ = {isa = PBXBuildFile; fileRef = AB58D7D61D71984200AF9A1F /* Assets.xcassets */; };
		AB58D7DA1D71984200AF9A1F /* LaunchScreen.storyboard in Resources */ = {isa = PBXBuildFile; fileRef = AB58D7D81D71984200AF9A1F /* LaunchScreen.storyboard */; };
/* End PBXBuildFile section */

/* Begin PBXFileReference section */
		AB58D7CC1D71984200AF9A1F /* ProbarRepo.app */ = {isa = PBXFileReference; explicitFileType = wrapper.application; includeInIndex = 0; path = ProbarRepo.app; sourceTree = BUILT_PRODUCTS_DIR; };
		AB58D7CF1D71984200AF9A1F /* AppDelegate.swift */ = {isa = PBXFileReference; lastKnownFileType = sourcecode.swift; path = AppDelegate.swift; sourceTree = "<group>"; };
		AB58D7D11D71984200AF9A1F /* ViewController.swift */ = {isa = PBXFileReference; lastKnownFileType = sourcecode.swift; path = ViewController.swift; sourceTree = "<group>"; };
		AB58D7D41D71984200AF9A1F /* Base */ = {isa = PBXFileReference; lastKnownFileType = file.storyboard; name = Base; path = Base.lproj/Main.storyboard; sourceTree = "<group>"; };
		AB58D7D61D71984200AF9A1F /* Assets.xcassets */ = {isa = PBXFileReference; lastKnownFileType = folder.assetcatalog; path = Assets.xcassets; sourceTree = "<group>"; };
		AB58D7D91D71984200AF9A1F /* Base */ = {isa = PBXFileReference; lastKnownFileType = file.storyboard; name = Base; path = Base.lproj/LaunchScreen.storyboard; sourceTree = "<group>"; };
		AB58D7DB1D71984200AF9A1F /* Info.plist */ = {isa = PBXFileReference; lastKnownFileType = text.plist.xml; path = Info.plist; sourceTree = "<group>"; };
/* End PBXFileReference section */

/* Begin PBXFrameworksBuildPhase section */
		AB58D7C91D71984200AF9A1F /* Frameworks */ = {
			isa = PBXFrameworksBuildPhase;
			buildActionMask = 2147483647;
			files = (
			);
			runOnlyForDeploymentPostprocessing = 0;
		};
/* End PBXFrameworksBuildPhase section */

/* Begin PBXGroup section */
		AB58D7C31D71984200AF9A1F = {
			isa = PBXGroup;
			children = (
				AB58D7CE1D71984200AF9A1F /* ProbarRepo */,
				AB58D7CD1D71984200AF9A1F /* Products */,
			);
			sourceTree = "<group>";
		};
		AB58D7CD1D71984200AF9A1F /* Products */ = {
			isa = PBXGroup;
			children = (
				AB58D7CC1D71984200AF9A1F /* ProbarRepo.app */,
			);
			name = Products;
			sourceTree = "<group>";
		};
		AB58D7CE1D71984200AF9A1F /* ProbarRepo */ = {
			isa = PBXGroup;
			children = (
				AB58D7CF1D71984200AF9A1F /* AppDelegate.swift */,
				AB58D7D11D71984200AF9A1F /* ViewController.swift */,
				AB58D7D31D71984200AF9A1F /* Main.storyboard */,
				AB58D7D61D71984200AF9A1F /* Assets.xcassets */,
				AB58D7D81D71984200AF9A1F /* LaunchScreen.storyboard */,
				AB58D7DB1D71984200AF9A1F /* Info.plist */,
			);
			path = ProbarRepo;
			sourceTree = "<group>";
		};
/* End PBXGroup section */

/* Begin PBXNativeTarget section */
		AB58D7CB1D71984200AF9A1F /* ProbarRepo */ = {
			isa = PBXNativeTarget;
			buildConfigurationList = AB58D7DE1D71984200AF9A1F /* Build configuration list for PBXNativeTarget "ProbarRepo" */;
			buildPhases = (
				AB58D7C81D71984200AF9A1F /* Sources */,
				AB58D7C91D71984200AF9A1F /* Frameworks */,
				AB58D7CA1D71984200AF9A1F /* Resources */,
			);
			buildRules = (
			);
			dependencies = (
			);
			name = ProbarRepo;
			productName = ProbarRepo;
			productReference = AB58D7CC1D71984200AF9A1F /* ProbarRepo.app */;
			productType = "com.apple.product-type.application";
		};
/* End PBXNativeTarget section */

/* Begin PBXProject section */
		AB58D7C41D71984200AF9A1F /* Project object */ = {
			isa = PBXProject;
			attributes = {
				LastSwiftUpdateCheck = 0730;
				LastUpgradeCheck = 0730;
				ORGANIZATIONNAME = sopytec;
				TargetAttributes = {
					AB58D7CB1D71984200AF9A1F = {
						CreatedOnToolsVersion = 7.3.1;
					};
				};
			};
			buildConfigurationList = AB58D7C71D71984200AF9A1F /* Build configuration list for PBXProject "ProbarRepo" */;
			compatibilityVersion = "Xcode 3.2";
			developmentRegion = English;
			hasScannedForEncodings = 0;
			knownRegions = (
				en,
				Base,
			);
			mainGroup = AB58D7C31D71984200AF9A1F;
			productRefGroup = AB58D7CD1D71984200AF9A1F /* Products */;
			projectDirPath = "";
			projectRoot = "";
			targets = (
				AB58D7CB1D71984200AF9A1F /* ProbarRepo */,
			);
		};
/* End PBXProject section */

/* Begin PBXResourcesBuildPhase section */
		AB58D7CA1D71984200AF9A1F /* Resources */ = {
			isa = PBXResourcesBuildPhase;
			buildActionMask = 2147483647;
			files = (
				AB58D7DA1D71984200AF9A1F /* LaunchScreen.storyboard in Resources */,
				AB58D7D71D71984200AF9A1F /* Assets.xcassets in Resources */,
				AB58D7D51D71984200AF9A1F /* Main.storyboard in Resources */,
			);
			runOnlyForDeploymentPostprocessing = 0;
		};
/* End PBXResourcesBuildPhase section */

/* Begin PBXSourcesBuildPhase section */
		AB58D7C81D71984200AF9A1F /* Sources */ = {
			isa = PBXSourcesBuildPhase;
			buildActionMask = 2147483647;
			files = (
				AB58D7D21D71984200AF9A1F /* ViewController.swift in Sources */,
				AB58D7D01D71984200AF9A1F /* AppDelegate.swift in Sources */,
			);
			runOnlyForDeploymentPostprocessing = 0;
		};
/* End PBXSourcesBuildPhase section */

/* Begin PBXVariantGroup section */
		AB58D7D31D71984200AF9A1F /* Main.storyboard */ = {
			isa = PBXVariantGroup;
			children = (
				AB58D7D41D71984200AF9A1F /* Base */,
			);
			name = Main.storyboard;
			sourceTree = "<group>";
		};
		AB58D7D81D71984200AF9A1F /* LaunchScreen.storyboard */ = {
			isa = PBXVariantGroup;
			children = (
				AB58D7D91D71984200AF9A1F /* Base */,
			);
			name = LaunchScreen.storyboard;
			sourceTree = "<group>";
		};
/* End PBXVariantGroup section */

/* Begin XCBuildConfiguration section */
		AB58D7DC1D71984200AF9A1F /* Debug */ = {
			isa = XCBuildConfiguration;
			buildSettings = {
				ALWAYS_SEARCH_USER_PATHS = NO;
				CLANG_ANALYZER_NONNULL = YES;
				CLANG_CXX_LANGUAGE_STANDARD = "gnu++0x";
				CLANG_CXX_LIBRARY = "libc++";
				CLANG_ENABLE_MODULES = YES;
				CLANG_ENABLE_OBJC_ARC = YES;
				CLANG_WARN_BOOL_CONVERSION = YES;
				CLANG_WARN_CONSTANT_CONVERSION = YES;
				CLANG_WARN_DIRECT_OBJC_ISA_USAGE = YES_ERROR;
				CLANG_WARN_EMPTY_BODY = YES;
				CLANG_WARN_ENUM_CONVERSION = YES;
				CLANG_WARN_INT_CONVERSION = YES;
				CLANG_WARN_OBJC_ROOT_CLASS = YES_ERROR;
				CLANG_WARN_UNREACHABLE_CODE = YES;
				CLANG_WARN__DUPLICATE_METHOD_MATCH = YES;
				"CODE_SIGN_IDENTITY[sdk=iphoneos*]" = "iPhone Developer";
				COPY_PHASE_STRIP = NO;
				DEBUG_INFORMATION_FORMAT = dwarf;
				ENABLE_STRICT_OBJC_MSGSEND = YES;
				ENABLE_TESTABILITY = YES;
				GCC_C_LANGUAGE_STANDARD = gnu99;
				GCC_DYNAMIC_NO_PIC = NO;
				GCC_NO_COMMON_BLOCKS = YES;
				GCC_OPTIMIZATION_LEVEL = 0;
				GCC_PREPROCESSOR_DEFINITIONS = (
					"DEBUG=1",
					"$(inherited)",
				);
				GCC_WARN_64_TO_32_BIT_CONVERSION = YES;
				GCC_WARN_ABOUT_RETURN_TYPE = YES_ERROR;
				GCC_WARN_UNDECLARED_SELECTOR = YES;
				GCC_WARN_UNINITIALIZED_AUTOS = YES_AGGRESSIVE;
				GCC_WARN_UNUSED_FUNCTION = YES;
				GCC_WARN_UNUSED_VARIABLE = YES;
				IPHONEOS_DEPLOYMENT_TARGET = 9.3;
				MTL_ENABLE_DEBUG_INFO = YES;
				ONLY_ACTIVE_ARCH = YES;
				SDKROOT = iphoneos;
				SWIFT_OPTIMIZATION_LEVEL = "-Onone";
			};
			name = Debug;
		};
		AB58D7DD1D71984200AF9A1F /* Release */ = {
			isa = XCBuildConfiguration;
			buildSettings = {
				ALWAYS_SEARCH_USER_PATHS = NO;
				CLANG_ANALYZER_NONNULL = YES;
				CLANG_CXX_LANGUAGE_STANDARD = "gnu++0x";
				CLANG_CXX_LIBRARY = "libc++";
				CLANG_ENABLE_MODULES = YES;
				CLANG_ENABLE_OBJC_ARC = YES;
				CLANG_WARN_BOOL_CONVERSION = YES;
				CLANG_WARN_CONSTANT_CONVERSION = YES;
				CLANG_WARN_DIRECT_OBJC_ISA_USAGE = YES_ERROR;
				CLANG_WARN_EMPTY_BODY = YES;
				CLANG_WARN_ENUM_CONVERSION = YES;
				CLANG_WARN_INT_CONVERSION = YES;
				CLANG_WARN_OBJC_ROOT_CLASS = YES_ERROR;
				CLANG_WARN_UNREACHABLE_CODE = YES;
				CLANG_WARN__DUPLICATE_METHOD_MATCH = YES;
				"CODE_SIGN_IDENTITY[sdk=iphoneos*]" = "iPhone Developer";
				COPY_PHASE_STRIP = NO;
				DEBUG_INFORMATION_FORMAT = "dwarf-with-dsym";
				ENABLE_NS_ASSERTIONS = NO;
				ENABLE_STRICT_OBJC_MSGSEND = YES;
				GCC_C_LANGUAGE_STANDARD = gnu99;
				GCC_NO_COMMON_BLOCKS = YES;
				GCC_WARN_64_TO_32_BIT_CONVERSION = YES;
				GCC_WARN_ABOUT_RETURN_TYPE = YES_ERROR;
				GCC_WARN_UNDECLARED_SELECTOR = YES;
				GCC_WARN_UNINITIALIZED_AUTOS = YES_AGGRESSIVE;
				GCC_WARN_UNUSED_FUNCTION = YES;
				GCC_WARN_UNUSED_VARIABLE = YES;
				IPHONEOS_DEPLOYMENT_TARGET = 9.3;
				MTL_ENABLE_DEBUG_INFO = NO;
				SDKROOT = iphoneos;
				VALIDATE_PRODUCT = YES;
			};
			name = Release;
		};
		AB58D7DF1D71984200AF9A1F /* Debug */ = {
			isa = XCBuildConfiguration;
			buildSettings = {
				ASSETCATALOG_COMPILER_APPICON_NAME = AppIcon;
				INFOPLIST_FILE = ProbarRepo/Info.plist;
				LD_RUNPATH_SEARCH_PATHS = "$(inherited) @executable_path/Frameworks";
				PRODUCT_BUNDLE_IDENTIFIER = cl.sopytec.FourLabels.ProbarRepo;
				PRODUCT_NAME = "$(TARGET_NAME)";
			};
			name = Debug;
		};
		AB58D7E01D71984200AF9A1F /* Release */ = {
			isa = XCBuildConfiguration;
			buildSettings = {
				ASSETCATALOG_COMPILER_APPICON_NAME = AppIcon;
				INFOPLIST_FILE = ProbarRepo/Info.plist;
				LD_RUNPATH_SEARCH_PATHS = "$(inherited) @executable_path/Frameworks";
				PRODUCT_BUNDLE_IDENTIFIER = cl.sopytec.FourLabels.ProbarRepo;
				PRODUCT_NAME = "$(TARGET_NAME)";
			};
			name = Release;
		};
/* End XCBuildConfiguration section */

/* Begin XCConfigurationList section */
		AB58D7C71D71984200AF9A1F /* Build configuration list for PBXProject "ProbarRepo" */ = {
			isa = XCConfigurationList;
			buildConfigurations = (
				AB58D7DC1D71984200AF9A1F /* Debug */,
				AB58D7DD1D71984200AF9A1F /* Release */,
			);
			defaultConfigurationIsVisible = 0;
			defaultConfigurationName = Release;
		};
		AB58D7DE1D71984200AF9A1F /* Build configuration list for PBXNativeTarget "ProbarRepo" */ = {
			isa = XCConfigurationList;
			buildConfigurations = (
				AB58D7DF1D71984200AF9A1F /* Debug */,
				AB58D7E01D71984200AF9A1F /* Release */,
			);
			defaultConfigurationIsVisible = 0;
		};
/* End XCConfigurationList section */
	};
	rootObject = AB58D7C41D71984200AF9A1F /* Project object */;
}
